// !$*UTF8*$!
{
	archiveVersion = 1;
	classes = {
	};
	objectVersion = 46;
	objects = {

/* Begin PBXBuildFile section */
		4B860345195C39FC0099C353 /* Foundation.framework in Frameworks */ = {isa = PBXBuildFile; fileRef = 4B860344195C39FC0099C353 /* Foundation.framework */; };
		4B860347195C39FC0099C353 /* CoreGraphics.framework in Frameworks */ = {isa = PBXBuildFile; fileRef = 4B860346195C39FC0099C353 /* CoreGraphics.framework */; };
		4B860349195C39FC0099C353 /* UIKit.framework in Frameworks */ = {isa = PBXBuildFile; fileRef = 4B860348195C39FC0099C353 /* UIKit.framework */; };
		4B86034F195C39FC0099C353 /* InfoPlist.strings in Resources */ = {isa = PBXBuildFile; fileRef = 4B86034D195C39FC0099C353 /* InfoPlist.strings */; };
		4B860351195C39FC0099C353 /* main.m in Sources */ = {isa = PBXBuildFile; fileRef = 4B860350195C39FC0099C353 /* main.m */; };
		4B860355195C39FC0099C353 /* AppDelegate.m in Sources */ = {isa = PBXBuildFile; fileRef = 4B860354195C39FC0099C353 /* AppDelegate.m */; };
		4B860358195C39FC0099C353 /* Main.storyboard in Resources */ = {isa = PBXBuildFile; fileRef = 4B860356195C39FC0099C353 /* Main.storyboard */; };
		4B86035B195C39FC0099C353 /* ViewController.m in Sources */ = {isa = PBXBuildFile; fileRef = 4B86035A195C39FC0099C353 /* ViewController.m */; };
		4B86035D195C39FC0099C353 /* Images.xcassets in Resources */ = {isa = PBXBuildFile; fileRef = 4B86035C195C39FC0099C353 /* Images.xcassets */; };
		4B860364195C39FC0099C353 /* XCTest.framework in Frameworks */ = {isa = PBXBuildFile; fileRef = 4B860363195C39FC0099C353 /* XCTest.framework */; };
		4B860365195C39FC0099C353 /* Foundation.framework in Frameworks */ = {isa = PBXBuildFile; fileRef = 4B860344195C39FC0099C353 /* Foundation.framework */; };
		4B860366195C39FC0099C353 /* UIKit.framework in Frameworks */ = {isa = PBXBuildFile; fileRef = 4B860348195C39FC0099C353 /* UIKit.framework */; };
		4B86036E195C39FD0099C353 /* InfoPlist.strings in Resources */ = {isa = PBXBuildFile; fileRef = 4B86036C195C39FD0099C353 /* InfoPlist.strings */; };
		4B860370195C39FD0099C353 /* ____Tests.m in Sources */ = {isa = PBXBuildFile; fileRef = 4B86036F195C39FD0099C353 /* ____Tests.m */; };
/* End PBXBuildFile section */

/* Begin PBXContainerItemProxy section */
		4B860367195C39FC0099C353 /* PBXContainerItemProxy */ = {
			isa = PBXContainerItemProxy;
			containerPortal = 4B860339195C39FC0099C353 /* Project object */;
			proxyType = 1;
			remoteGlobalIDString = 4B860340195C39FC0099C353;
			remoteInfo = "カウント";
		};
/* End PBXContainerItemProxy section */

/* Begin PBXFileReference section */
		4B860341195C39FC0099C353 /* カウント.app */ = {isa = PBXFileReference; explicitFileType = wrapper.application; includeInIndex = 0; path = "カウント.app"; sourceTree = BUILT_PRODUCTS_DIR; };
		4B860344195C39FC0099C353 /* Foundation.framework */ = {isa = PBXFileReference; lastKnownFileType = wrapper.framework; name = Foundation.framework; path = System/Library/Frameworks/Foundation.framework; sourceTree = SDKROOT; };
		4B860346195C39FC0099C353 /* CoreGraphics.framework */ = {isa = PBXFileReference; lastKnownFileType = wrapper.framework; name = CoreGraphics.framework; path = System/Library/Frameworks/CoreGraphics.framework; sourceTree = SDKROOT; };
		4B860348195C39FC0099C353 /* UIKit.framework */ = {isa = PBXFileReference; lastKnownFileType = wrapper.framework; name = UIKit.framework; path = System/Library/Frameworks/UIKit.framework; sourceTree = SDKROOT; };
		4B86034C195C39FC0099C353 /* カウント-Info.plist */ = {isa = PBXFileReference; lastKnownFileType = text.plist.xml; path = "カウント-Info.plist"; sourceTree = "<group>"; };
		4B86034E195C39FC0099C353 /* en */ = {isa = PBXFileReference; lastKnownFileType = text.plist.strings; name = en; path = en.lproj/InfoPlist.strings; sourceTree = "<group>"; };
		4B860350195C39FC0099C353 /* main.m */ = {isa = PBXFileReference; lastKnownFileType = sourcecode.c.objc; path = main.m; sourceTree = "<group>"; };
		4B860352195C39FC0099C353 /* カウント-Prefix.pch */ = {isa = PBXFileReference; lastKnownFileType = sourcecode.c.h; path = "カウント-Prefix.pch"; sourceTree = "<group>"; };
		4B860353195C39FC0099C353 /* AppDelegate.h */ = {isa = PBXFileReference; lastKnownFileType = sourcecode.c.h; path = AppDelegate.h; sourceTree = "<group>"; };
		4B860354195C39FC0099C353 /* AppDelegate.m */ = {isa = PBXFileReference; lastKnownFileType = sourcecode.c.objc; path = AppDelegate.m; sourceTree = "<group>"; };
		4B860357195C39FC0099C353 /* Base */ = {isa = PBXFileReference; lastKnownFileType = file.storyboard; name = Base; path = Base.lproj/Main.storyboard; sourceTree = "<group>"; };
		4B860359195C39FC0099C353 /* ViewController.h */ = {isa = PBXFileReference; lastKnownFileType = sourcecode.c.h; path = ViewController.h; sourceTree = "<group>"; };
		4B86035A195C39FC0099C353 /* ViewController.m */ = {isa = PBXFileReference; lastKnownFileType = sourcecode.c.objc; path = ViewController.m; sourceTree = "<group>"; };
		4B86035C195C39FC0099C353 /* Images.xcassets */ = {isa = PBXFileReference; lastKnownFileType = folder.assetcatalog; path = Images.xcassets; sourceTree = "<group>"; };
		4B860362195C39FC0099C353 /* カウントTests.xctest */ = {isa = PBXFileReference; explicitFileType = wrapper.cfbundle; includeInIndex = 0; path = "カウントTests.xctest"; sourceTree = BUILT_PRODUCTS_DIR; };
		4B860363195C39FC0099C353 /* XCTest.framework */ = {isa = PBXFileReference; lastKnownFileType = wrapper.framework; name = XCTest.framework; path = Library/Frameworks/XCTest.framework; sourceTree = DEVELOPER_DIR; };
		4B86036B195C39FD0099C353 /* カウントTests-Info.plist */ = {isa = PBXFileReference; lastKnownFileType = text.plist.xml; path = "カウントTests-Info.plist"; sourceTree = "<group>"; };
		4B86036D195C39FD0099C353 /* en */ = {isa = PBXFileReference; lastKnownFileType = text.plist.strings; name = en; path = en.lproj/InfoPlist.strings; sourceTree = "<group>"; };
		4B86036F195C39FD0099C353 /* ____Tests.m */ = {isa = PBXFileReference; lastKnownFileType = sourcecode.c.objc; path = "____Tests.m"; sourceTree = "<group>"; };
/* End PBXFileReference section */

/* Begin PBXFrameworksBuildPhase section */
		4B86033E195C39FC0099C353 /* Frameworks */ = {
			isa = PBXFrameworksBuildPhase;
			buildActionMask = 2147483647;
			files = (
				4B860347195C39FC0099C353 /* CoreGraphics.framework in Frameworks */,
				4B860349195C39FC0099C353 /* UIKit.framework in Frameworks */,
				4B860345195C39FC0099C353 /* Foundation.framework in Frameworks */,
			);
			runOnlyForDeploymentPostprocessing = 0;
		};
		4B86035F195C39FC0099C353 /* Frameworks */ = {
			isa = PBXFrameworksBuildPhase;
			buildActionMask = 2147483647;
			files = (
				4B860364195C39FC0099C353 /* XCTest.framework in Frameworks */,
				4B860366195C39FC0099C353 /* UIKit.framework in Frameworks */,
				4B860365195C39FC0099C353 /* Foundation.framework in Frameworks */,
			);
			runOnlyForDeploymentPostprocessing = 0;
		};
/* End PBXFrameworksBuildPhase section */

/* Begin PBXGroup section */
		4B860338195C39FC0099C353 = {
			isa = PBXGroup;
			children = (
				4B86034A195C39FC0099C353 /* カウント */,
				4B860369195C39FC0099C353 /* カウントTests */,
				4B860343195C39FC0099C353 /* Frameworks */,
				4B860342195C39FC0099C353 /* Products */,
			);
			sourceTree = "<group>";
		};
		4B860342195C39FC0099C353 /* Products */ = {
			isa = PBXGroup;
			children = (
				4B860341195C39FC0099C353 /* カウント.app */,
				4B860362195C39FC0099C353 /* カウントTests.xctest */,
			);
			name = Products;
			sourceTree = "<group>";
		};
		4B860343195C39FC0099C353 /* Frameworks */ = {
			isa = PBXGroup;
			children = (
				4B860344195C39FC0099C353 /* Foundation.framework */,
				4B860346195C39FC0099C353 /* CoreGraphics.framework */,
				4B860348195C39FC0099C353 /* UIKit.framework */,
				4B860363195C39FC0099C353 /* XCTest.framework */,
			);
			name = Frameworks;
			sourceTree = "<group>";
		};
		4B86034A195C39FC0099C353 /* カウント */ = {
			isa = PBXGroup;
			children = (
				4B860353195C39FC0099C353 /* AppDelegate.h */,
				4B860354195C39FC0099C353 /* AppDelegate.m */,
				4B860356195C39FC0099C353 /* Main.storyboard */,
				4B860359195C39FC0099C353 /* ViewController.h */,
				4B86035A195C39FC0099C353 /* ViewController.m */,
				4B86035C195C39FC0099C353 /* Images.xcassets */,
				4B86034B195C39FC0099C353 /* Supporting Files */,
			);
			path = "カウント";
			sourceTree = "<group>";
		};
		4B86034B195C39FC0099C353 /* Supporting Files */ = {
			isa = PBXGroup;
			children = (
				4B86034C195C39FC0099C353 /* カウント-Info.plist */,
				4B86034D195C39FC0099C353 /* InfoPlist.strings */,
				4B860350195C39FC0099C353 /* main.m */,
				4B860352195C39FC0099C353 /* カウント-Prefix.pch */,
			);
			name = "Supporting Files";
			sourceTree = "<group>";
		};
		4B860369195C39FC0099C353 /* カウントTests */ = {
			isa = PBXGroup;
			children = (
				4B86036F195C39FD0099C353 /* ____Tests.m */,
				4B86036A195C39FD0099C353 /* Supporting Files */,
			);
			path = "カウントTests";
			sourceTree = "<group>";
		};
		4B86036A195C39FD0099C353 /* Supporting Files */ = {
			isa = PBXGroup;
			children = (
				4B86036B195C39FD0099C353 /* カウントTests-Info.plist */,
				4B86036C195C39FD0099C353 /* InfoPlist.strings */,
			);
			name = "Supporting Files";
			sourceTree = "<group>";
		};
/* End PBXGroup section */

/* Begin PBXNativeTarget section */
		4B860340195C39FC0099C353 /* カウント */ = {
			isa = PBXNativeTarget;
			buildConfigurationList = 4B860373195C39FD0099C353 /* Build configuration list for PBXNativeTarget "カウント" */;
			buildPhases = (
				4B86033D195C39FC0099C353 /* Sources */,
				4B86033E195C39FC0099C353 /* Frameworks */,
				4B86033F195C39FC0099C353 /* Resources */,
			);
			buildRules = (
			);
			dependencies = (
			);
			name = "カウント";
			productName = "カウント";
			productReference = 4B860341195C39FC0099C353 /* カウント.app */;
			productType = "com.apple.product-type.application";
		};
		4B860361195C39FC0099C353 /* カウントTests */ = {
			isa = PBXNativeTarget;
			buildConfigurationList = 4B860376195C39FD0099C353 /* Build configuration list for PBXNativeTarget "カウントTests" */;
			buildPhases = (
				4B86035E195C39FC0099C353 /* Sources */,
				4B86035F195C39FC0099C353 /* Frameworks */,
				4B860360195C39FC0099C353 /* Resources */,
			);
			buildRules = (
			);
			dependencies = (
				4B860368195C39FC0099C353 /* PBXTargetDependency */,
			);
			name = "カウントTests";
			productName = "カウントTests";
			productReference = 4B860362195C39FC0099C353 /* カウントTests.xctest */;
			productType = "com.apple.product-type.bundle.unit-test";
		};
/* End PBXNativeTarget section */

/* Begin PBXProject section */
		4B860339195C39FC0099C353 /* Project object */ = {
			isa = PBXProject;
			attributes = {
				LastUpgradeCheck = 0510;
				ORGANIZATIONNAME = mycompany;
				TargetAttributes = {
					4B860361195C39FC0099C353 = {
						TestTargetID = 4B860340195C39FC0099C353;
					};
				};
			};
			buildConfigurationList = 4B86033C195C39FC0099C353 /* Build configuration list for PBXProject "カウント" */;
			compatibilityVersion = "Xcode 3.2";
			developmentRegion = English;
			hasScannedForEncodings = 0;
			knownRegions = (
				en,
				Base,
			);
			mainGroup = 4B860338195C39FC0099C353;
			productRefGroup = 4B860342195C39FC0099C353 /* Products */;
			projectDirPath = "";
			projectRoot = "";
			targets = (
				4B860340195C39FC0099C353 /* カウント */,
				4B860361195C39FC0099C353 /* カウントTests */,
			);
		};
/* End PBXProject section */

/* Begin PBXResourcesBuildPhase section */
		4B86033F195C39FC0099C353 /* Resources */ = {
			isa = PBXResourcesBuildPhase;
			buildActionMask = 2147483647;
			files = (
				4B86035D195C39FC0099C353 /* Images.xcassets in Resources */,
				4B86034F195C39FC0099C353 /* InfoPlist.strings in Resources */,
				4B860358195C39FC0099C353 /* Main.storyboard in Resources */,
			);
			runOnlyForDeploymentPostprocessing = 0;
		};
		4B860360195C39FC0099C353 /* Resources */ = {
			isa = PBXResourcesBuildPhase;
			buildActionMask = 2147483647;
			files = (
				4B86036E195C39FD0099C353 /* InfoPlist.strings in Resources */,
			);
			runOnlyForDeploymentPostprocessing = 0;
		};
/* End PBXResourcesBuildPhase section */

/* Begin PBXSourcesBuildPhase section */
		4B86033D195C39FC0099C353 /* Sources */ = {
			isa = PBXSourcesBuildPhase;
			buildActionMask = 2147483647;
			files = (
				4B86035B195C39FC0099C353 /* ViewController.m in Sources */,
				4B860355195C39FC0099C353 /* AppDelegate.m in Sources */,
				4B860351195C39FC0099C353 /* main.m in Sources */,
			);
			runOnlyForDeploymentPostprocessing = 0;
		};
		4B86035E195C39FC0099C353 /* Sources */ = {
			isa = PBXSourcesBuildPhase;
			buildActionMask = 2147483647;
			files = (
				4B860370195C39FD0099C353 /* ____Tests.m in Sources */,
			);
			runOnlyForDeploymentPostprocessing = 0;
		};
/* End PBXSourcesBuildPhase section */

/* Begin PBXTargetDependency section */
		4B860368195C39FC0099C353 /* PBXTargetDependency */ = {
			isa = PBXTargetDependency;
			target = 4B860340195C39FC0099C353 /* カウント */;
			targetProxy = 4B860367195C39FC0099C353 /* PBXContainerItemProxy */;
		};
/* End PBXTargetDependency section */

/* Begin PBXVariantGroup section */
		4B86034D195C39FC0099C353 /* InfoPlist.strings */ = {
			isa = PBXVariantGroup;
			children = (
				4B86034E195C39FC0099C353 /* en */,
			);
			name = InfoPlist.strings;
			sourceTree = "<group>";
		};
		4B860356195C39FC0099C353 /* Main.storyboard */ = {
			isa = PBXVariantGroup;
			children = (
				4B860357195C39FC0099C353 /* Base */,
			);
			name = Main.storyboard;
			sourceTree = "<group>";
		};
		4B86036C195C39FD0099C353 /* InfoPlist.strings */ = {
			isa = PBXVariantGroup;
			children = (
				4B86036D195C39FD0099C353 /* en */,
			);
			name = InfoPlist.strings;
			sourceTree = "<group>";
		};
/* End PBXVariantGroup section */

/* Begin XCBuildConfiguration section */
		4B860371195C39FD0099C353 /* Debug */ = {
			isa = XCBuildConfiguration;
			buildSettings = {
				ALWAYS_SEARCH_USER_PATHS = NO;
				CLANG_CXX_LANGUAGE_STANDARD = "gnu++0x";
				CLANG_CXX_LIBRARY = "libc++";
				CLANG_ENABLE_MODULES = YES;
				CLANG_ENABLE_OBJC_ARC = YES;
				CLANG_WARN_BOOL_CONVERSION = YES;
				CLANG_WARN_CONSTANT_CONVERSION = YES;
				CLANG_WARN_DIRECT_OBJC_ISA_USAGE = YES_ERROR;
				CLANG_WARN_EMPTY_BODY = YES;
				CLANG_WARN_ENUM_CONVERSION = YES;
				CLANG_WARN_INT_CONVERSION = YES;
				CLANG_WARN_OBJC_ROOT_CLASS = YES_ERROR;
				CLANG_WARN__DUPLICATE_METHOD_MATCH = YES;
				"CODE_SIGN_IDENTITY[sdk=iphoneos*]" = "iPhone Developer";
				COPY_PHASE_STRIP = NO;
				GCC_C_LANGUAGE_STANDARD = gnu99;
				GCC_DYNAMIC_NO_PIC = NO;
				GCC_OPTIMIZATION_LEVEL = 0;
				GCC_PREPROCESSOR_DEFINITIONS = (
					"DEBUG=1",
					"$(inherited)",
				);
				GCC_SYMBOLS_PRIVATE_EXTERN = NO;
				GCC_WARN_64_TO_32_BIT_CONVERSION = YES;
				GCC_WARN_ABOUT_RETURN_TYPE = YES_ERROR;
				GCC_WARN_UNDECLARED_SELECTOR = YES;
				GCC_WARN_UNINITIALIZED_AUTOS = YES_AGGRESSIVE;
				GCC_WARN_UNUSED_FUNCTION = YES;
				GCC_WARN_UNUSED_VARIABLE = YES;
				IPHONEOS_DEPLOYMENT_TARGET = 7.1;
				ONLY_ACTIVE_ARCH = YES;
				SDKROOT = iphoneos;
			};
			name = Debug;
		};
		4B860372195C39FD0099C353 /* Release */ = {
			isa = XCBuildConfiguration;
			buildSettings = {
				ALWAYS_SEARCH_USER_PATHS = NO;
				CLANG_CXX_LANGUAGE_STANDARD = "gnu++0x";
				CLANG_CXX_LIBRARY = "libc++";
				CLANG_ENABLE_MODULES = YES;
				CLANG_ENABLE_OBJC_ARC = YES;
				CLANG_WARN_BOOL_CONVERSION = YES;
				CLANG_WARN_CONSTANT_CONVERSION = YES;
				CLANG_WARN_DIRECT_OBJC_ISA_USAGE = YES_ERROR;
				CLANG_WARN_EMPTY_BODY = YES;
				CLANG_WARN_ENUM_CONVERSION = YES;
				CLANG_WARN_INT_CONVERSION = YES;
				CLANG_WARN_OBJC_ROOT_CLASS = YES_ERROR;
				CLANG_WARN__DUPLICATE_METHOD_MATCH = YES;
				"CODE_SIGN_IDENTITY[sdk=iphoneos*]" = "iPhone Developer";
				COPY_PHASE_STRIP = YES;
				ENABLE_NS_ASSERTIONS = NO;
				GCC_C_LANGUAGE_STANDARD = gnu99;
				GCC_WARN_64_TO_32_BIT_CONVERSION = YES;
				GCC_WARN_ABOUT_RETURN_TYPE = YES_ERROR;
				GCC_WARN_UNDECLARED_SELECTOR = YES;
				GCC_WARN_UNINITIALIZED_AUTOS = YES_AGGRESSIVE;
				GCC_WARN_UNUSED_FUNCTION = YES;
				GCC_WARN_UNUSED_VARIABLE = YES;
				IPHONEOS_DEPLOYMENT_TARGET = 7.1;
				SDKROOT = iphoneos;
				VALIDATE_PRODUCT = YES;
			};
			name = Release;
		};
		4B860374195C39FD0099C353 /* Debug */ = {
			isa = XCBuildConfiguration;
			buildSettings = {
				ASSETCATALOG_COMPILER_APPICON_NAME = AppIcon;
				ASSETCATALOG_COMPILER_LAUNCHIMAGE_NAME = LaunchImage;
				GCC_PRECOMPILE_PREFIX_HEADER = YES;
				GCC_PREFIX_HEADER = "カウント/カウント-Prefix.pch";
				INFOPLIST_FILE = "カウント/カウント-Info.plist";
				PRODUCT_NAME = "$(TARGET_NAME)";
				WRAPPER_EXTENSION = app;
			};
			name = Debug;
		};
		4B860375195C39FD0099C353 /* Release */ = {
			isa = XCBuildConfiguration;
			buildSettings = {
				ASSETCATALOG_COMPILER_APPICON_NAME = AppIcon;
				ASSETCATALOG_COMPILER_LAUNCHIMAGE_NAME = LaunchImage;
				GCC_PRECOMPILE_PREFIX_HEADER = YES;
				GCC_PREFIX_HEADER = "カウント/カウント-Prefix.pch";
				INFOPLIST_FILE = "カウント/カウント-Info.plist";
				PRODUCT_NAME = "$(TARGET_NAME)";
				WRAPPER_EXTENSION = app;
			};
			name = Release;
		};
		4B860377195C39FD0099C353 /* Debug */ = {
			isa = XCBuildConfiguration;
			buildSettings = {
				BUNDLE_LOADER = "$(BUILT_PRODUCTS_DIR)/カウント.app/カウント";
				FRAMEWORK_SEARCH_PATHS = (
					"$(SDKROOT)/Developer/Library/Frameworks",
					"$(inherited)",
					"$(DEVELOPER_FRAMEWORKS_DIR)",
				);
				GCC_PRECOMPILE_PREFIX_HEADER = YES;
				GCC_PREFIX_HEADER = "カウント/カウント-Prefix.pch";
				GCC_PREPROCESSOR_DEFINITIONS = (
					"DEBUG=1",
					"$(inherited)",
				);
				INFOPLIST_FILE = "カウントTests/カウントTests-Info.plist";
				PRODUCT_NAME = "$(TARGET_NAME)";
				TEST_HOST = "$(BUNDLE_LOADER)";
				WRAPPER_EXTENSION = xctest;
			};
			name = Debug;
		};
		4B860378195C39FD0099C353 /* Release */ = {
			isa = XCBuildConfiguration;
			buildSettings = {
				BUNDLE_LOADER = "$(BUILT_PRODUCTS_DIR)/カウント.app/カウント";
				FRAMEWORK_SEARCH_PATHS = (
					"$(SDKROOT)/Developer/Library/Frameworks",
					"$(inherited)",
					"$(DEVELOPER_FRAMEWORKS_DIR)",
				);
				GCC_PRECOMPILE_PREFIX_HEADER = YES;
				GCC_PREFIX_HEADER = "カウント/カウント-Prefix.pch";
				INFOPLIST_FILE = "カウントTests/カウントTests-Info.plist";
				PRODUCT_NAME = "$(TARGET_NAME)";
				TEST_HOST = "$(BUNDLE_LOADER)";
				WRAPPER_EXTENSION = xctest;
			};
			name = Release;
		};
/* End XCBuildConfiguration section */

/* Begin XCConfigurationList section */
		4B86033C195C39FC0099C353 /* Build configuration list for PBXProject "カウント" */ = {
			isa = XCConfigurationList;
			buildConfigurations = (
				4B860371195C39FD0099C353 /* Debug */,
				4B860372195C39FD0099C353 /* Release */,
			);
			defaultConfigurationIsVisible = 0;
			defaultConfigurationName = Release;
		};
		4B860373195C39FD0099C353 /* Build configuration list for PBXNativeTarget "カウント" */ = {
			isa = XCConfigurationList;
			buildConfigurations = (
				4B860374195C39FD0099C353 /* Debug */,
				4B860375195C39FD0099C353 /* Release */,
			);
			defaultConfigurationIsVisible = 0;
		};
		4B860376195C39FD0099C353 /* Build configuration list for PBXNativeTarget "カウントTests" */ = {
			isa = XCConfigurationList;
			buildConfigurations = (
				4B860377195C39FD0099C353 /* Debug */,
				4B860378195C39FD0099C353 /* Release */,
			);
			defaultConfigurationIsVisible = 0;
		};
/* End XCConfigurationList section */
	};
	rootObject = 4B860339195C39FC0099C353 /* Project object */;
}
